
Microsoft Visual Studio Solution File, Format Version 12.00
# Visual Studio Version 16
VisualStudioVersion = 16.0.33328.57
MinimumVisualStudioVersion = 10.0.40219.1
Project("{FAE04EC0-301F-11D3-BF4B-00C04F79EFBC}") = "IfElse", "IfElse\IfElse.csproj", "{A3B0785D-8001-4901-9451-DFECF931FB48}"
EndProject
Project("{FAE04EC0-301F-11D3-BF4B-00C04F79EFBC}") = "IfIf", "IfIf\IfIf.csproj", "{A4A2C2FA-6448-41C8-B308-A8C22BF9B02A}"
EndProject
Project("{FAE04EC0-301F-11D3-BF4B-00C04F79EFBC}") = "p151_ex2", "p151_ex2\p151_ex2.csproj", "{E7F3092B-7090-457E-BCBC-2ED670FE91A7}"
EndProject
Project("{FAE04EC0-301F-11D3-BF4B-00C04F79EFBC}") = "p151_ex2_2", "p151_ex2_2\p151_ex2_2.csproj", "{F4B9D53C-ED28-4376-BC6A-63885F5091A9}"
EndProject
Project("{FAE04EC0-301F-11D3-BF4B-00C04F79EFBC}") = "p151_ex4", "p151_ex4\p151_ex4.csproj", "{FED400BE-B083-431B-879B-7091C53C8B9F}"
EndProject
Project("{FAE04EC0-301F-11D3-BF4B-00C04F79EFBC}") = "p151_ex5", "p151_ex5\p151_ex5.csproj", "{34A71C29-FEC4-4DB8-AA12-1E096EA32BD8}"
EndProject
Project("{FAE04EC0-301F-11D3-BF4B-00C04F79EFBC}") = "p151_ex6", "p151_ex6\p151_ex6.csproj", "{955662DE-45FD-4FD9-8635-205AEBE90077}"
EndProject
Project("{FAE04EC0-301F-11D3-BF4B-00C04F79EFBC}") = "Test_1", "Test_1\Test_1.csproj", "{AD3C6222-AF19-4994-9FD6-F3346BE82418}"
EndProject
Project("{FAE04EC0-301F-11D3-BF4B-00C04F79EFBC}") = "Swith", "Swith\Swith.csproj", "{612407E8-F579-4F05-A7C8-966FDB639051}"
EndProject
Project("{FAE04EC0-301F-11D3-BF4B-00C04F79EFBC}") = "p161_ex2", "p161_ex2\p161_ex2.csproj", "{6D0AE6F4-31CE-490A-AB39-79F19666ED7D}"
EndProject
Project("{FAE04EC0-301F-11D3-BF4B-00C04F79EFBC}") = "161_ex3", "161_ex3\161_ex3.csproj", "{B88934B3-8C9C-4F32-9876-1AE22F04573A}"
EndProject
Project("{FAE04EC0-301F-11D3-BF4B-00C04F79EFBC}") = "p161_ex4", "p161_ex4\p161_ex4.csproj", "{83D5250E-F850-4F18-BD86-AA564FAC2533}"
EndProject
Project("{FAE04EC0-301F-11D3-BF4B-00C04F79EFBC}") = "p151_ex6_2", "p151_ex6_2\p151_ex6_2.csproj", "{AFCCAA4C-6EFC-4C93-9C58-0EE05D986F22}"
EndProject
Project("{FAE04EC0-301F-11D3-BF4B-00C04F79EFBC}") = "p151_ex5_2", "p151_ex5_2\p151_ex5_2.csproj", "{2EBC7C09-42EF-4A53-96B5-DAD4A00FFE48}"
EndProject
Project("{FAE04EC0-301F-11D3-BF4B-00C04F79EFBC}") = "While", "While\While.csproj", "{9A096078-BF3A-494A-A118-10A6AFE2FF58}"
EndProject
Project("{FAE04EC0-301F-11D3-BF4B-00C04F79EFBC}") = "While_2", "While_2\While_2.csproj", "{9407716B-6813-4E28-9216-C2096BB8273E}"
EndProject
Project("{FAE04EC0-301F-11D3-BF4B-00C04F79EFBC}") = "For", "For\For.csproj", "{1E4F265E-D995-4F8D-A19A-B79AEF5BBE01}"
EndProject
Project("{FAE04EC0-301F-11D3-BF4B-00C04F79EFBC}") = "p169_ex1", "p169_ex1\p169_ex1.csproj", "{A3D99D16-7AB4-4485-8C93-900198625B90}"
EndProject
Project("{FAE04EC0-301F-11D3-BF4B-00C04F79EFBC}") = "ForEach", "ForEach\ForEach.csproj", "{FCDDAAD4-3032-4850-9963-F99418ACAC13}"
EndProject
Project("{FAE04EC0-301F-11D3-BF4B-00C04F79EFBC}") = "Break", "Break\Break.csproj", "{7701FCF0-21DC-47DD-B82D-A3BFA2116E47}"
EndProject
Project("{FAE04EC0-301F-11D3-BF4B-00C04F79EFBC}") = "Break_2", "Break_2\Break_2.csproj", "{B4F05E39-101B-4647-84EB-CB21B4BE358F}"
EndProject
Project("{FAE04EC0-301F-11D3-BF4B-00C04F79EFBC}") = "Continue", "Continue\Continue.csproj", "{B7220C80-1B89-4B05-A6AC-EC90E664997F}"
EndProject
Project("{FAE04EC0-301F-11D3-BF4B-00C04F79EFBC}") = "Goto", "Goto\Goto.csproj", "{8235B42D-D3E1-4D2B-98EE-0C828AD96D27}"
EndProject
Global
	GlobalSection(SolutionConfigurationPlatforms) = preSolution
		Debug|Any CPU = Debug|Any CPU
		Release|Any CPU = Release|Any CPU
	EndGlobalSection
	GlobalSection(ProjectConfigurationPlatforms) = postSolution
		{A3B0785D-8001-4901-9451-DFECF931FB48}.Debug|Any CPU.ActiveCfg = Debug|Any CPU
		{A3B0785D-8001-4901-9451-DFECF931FB48}.Debug|Any CPU.Build.0 = Debug|Any CPU
		{A3B0785D-8001-4901-9451-DFECF931FB48}.Release|Any CPU.ActiveCfg = Release|Any CPU
		{A3B0785D-8001-4901-9451-DFECF931FB48}.Release|Any CPU.Build.0 = Release|Any CPU
		{A4A2C2FA-6448-41C8-B308-A8C22BF9B02A}.Debug|Any CPU.ActiveCfg = Debug|Any CPU
		{A4A2C2FA-6448-41C8-B308-A8C22BF9B02A}.Debug|Any CPU.Build.0 = Debug|Any CPU
		{A4A2C2FA-6448-41C8-B308-A8C22BF9B02A}.Release|Any CPU.ActiveCfg = Release|Any CPU
		{A4A2C2FA-6448-41C8-B308-A8C22BF9B02A}.Release|Any CPU.Build.0 = Release|Any CPU
		{E7F3092B-7090-457E-BCBC-2ED670FE91A7}.Debug|Any CPU.ActiveCfg = Debug|Any CPU
		{E7F3092B-7090-457E-BCBC-2ED670FE91A7}.Debug|Any CPU.Build.0 = Debug|Any CPU
		{E7F3092B-7090-457E-BCBC-2ED670FE91A7}.Release|Any CPU.ActiveCfg = Release|Any CPU
		{E7F3092B-7090-457E-BCBC-2ED670FE91A7}.Release|Any CPU.Build.0 = Release|Any CPU
		{F4B9D53C-ED28-4376-BC6A-63885F5091A9}.Debug|Any CPU.ActiveCfg = Debug|Any CPU
		{F4B9D53C-ED28-4376-BC6A-63885F5091A9}.Debug|Any CPU.Build.0 = Debug|Any CPU
		{F4B9D53C-ED28-4376-BC6A-63885F5091A9}.Release|Any CPU.ActiveCfg = Release|Any CPU
		{F4B9D53C-ED28-4376-BC6A-63885F5091A9}.Release|Any CPU.Build.0 = Release|Any CPU
		{FED400BE-B083-431B-879B-7091C53C8B9F}.Debug|Any CPU.ActiveCfg = Debug|Any CPU
		{FED400BE-B083-431B-879B-7091C53C8B9F}.Debug|Any CPU.Build.0 = Debug|Any CPU
		{FED400BE-B083-431B-879B-7091C53C8B9F}.Release|Any CPU.ActiveCfg = Release|Any CPU
		{FED400BE-B083-431B-879B-7091C53C8B9F}.Release|Any CPU.Build.0 = Release|Any CPU
		{34A71C29-FEC4-4DB8-AA12-1E096EA32BD8}.Debug|Any CPU.ActiveCfg = Debug|Any CPU
		{34A71C29-FEC4-4DB8-AA12-1E096EA32BD8}.Debug|Any CPU.Build.0 = Debug|Any CPU
		{34A71C29-FEC4-4DB8-AA12-1E096EA32BD8}.Release|Any CPU.ActiveCfg = Release|Any CPU
		{34A71C29-FEC4-4DB8-AA12-1E096EA32BD8}.Release|Any CPU.Build.0 = Release|Any CPU
		{955662DE-45FD-4FD9-8635-205AEBE90077}.Debug|Any CPU.ActiveCfg = Debug|Any CPU
		{955662DE-45FD-4FD9-8635-205AEBE90077}.Debug|Any CPU.Build.0 = Debug|Any CPU
		{955662DE-45FD-4FD9-8635-205AEBE90077}.Release|Any CPU.ActiveCfg = Release|Any CPU
		{955662DE-45FD-4FD9-8635-205AEBE90077}.Release|Any CPU.Build.0 = Release|Any CPU
		{AD3C6222-AF19-4994-9FD6-F3346BE82418}.Debug|Any CPU.ActiveCfg = Debug|Any CPU
		{AD3C6222-AF19-4994-9FD6-F3346BE82418}.Debug|Any CPU.Build.0 = Debug|Any CPU
		{AD3C6222-AF19-4994-9FD6-F3346BE82418}.Release|Any CPU.ActiveCfg = Release|Any CPU
		{AD3C6222-AF19-4994-9FD6-F3346BE82418}.Release|Any CPU.Build.0 = Release|Any CPU
		{612407E8-F579-4F05-A7C8-966FDB639051}.Debug|Any CPU.ActiveCfg = Debug|Any CPU
		{612407E8-F579-4F05-A7C8-966FDB639051}.Debug|Any CPU.Build.0 = Debug|Any CPU
		{612407E8-F579-4F05-A7C8-966FDB639051}.Release|Any CPU.ActiveCfg = Release|Any CPU
		{612407E8-F579-4F05-A7C8-966FDB639051}.Release|Any CPU.Build.0 = Release|Any CPU
		{6D0AE6F4-31CE-490A-AB39-79F19666ED7D}.Debug|Any CPU.ActiveCfg = Debug|Any CPU
		{6D0AE6F4-31CE-490A-AB39-79F19666ED7D}.Debug|Any CPU.Build.0 = Debug|Any CPU
		{6D0AE6F4-31CE-490A-AB39-79F19666ED7D}.Release|Any CPU.ActiveCfg = Release|Any CPU
		{6D0AE6F4-31CE-490A-AB39-79F19666ED7D}.Release|Any CPU.Build.0 = Release|Any CPU
		{B88934B3-8C9C-4F32-9876-1AE22F04573A}.Debug|Any CPU.ActiveCfg = Debug|Any CPU
		{B88934B3-8C9C-4F32-9876-1AE22F04573A}.Debug|Any CPU.Build.0 = Debug|Any CPU
		{B88934B3-8C9C-4F32-9876-1AE22F04573A}.Release|Any CPU.ActiveCfg = Release|Any CPU
		{B88934B3-8C9C-4F32-9876-1AE22F04573A}.Release|Any CPU.Build.0 = Release|Any CPU
		{83D5250E-F850-4F18-BD86-AA564FAC2533}.Debug|Any CPU.ActiveCfg = Debug|Any CPU
		{83D5250E-F850-4F18-BD86-AA564FAC2533}.Debug|Any CPU.Build.0 = Debug|Any CPU
		{83D5250E-F850-4F18-BD86-AA564FAC2533}.Release|Any CPU.ActiveCfg = Release|Any CPU
		{83D5250E-F850-4F18-BD86-AA564FAC2533}.Release|Any CPU.Build.0 = Release|Any CPU
		{AFCCAA4C-6EFC-4C93-9C58-0EE05D986F22}.Debug|Any CPU.ActiveCfg = Debug|Any CPU
		{AFCCAA4C-6EFC-4C93-9C58-0EE05D986F22}.Debug|Any CPU.Build.0 = Debug|Any CPU
		{AFCCAA4C-6EFC-4C93-9C58-0EE05D986F22}.Release|Any CPU.ActiveCfg = Release|Any CPU
		{AFCCAA4C-6EFC-4C93-9C58-0EE05D986F22}.Release|Any CPU.Build.0 = Release|Any CPU
		{2EBC7C09-42EF-4A53-96B5-DAD4A00FFE48}.Debug|Any CPU.ActiveCfg = Debug|Any CPU
		{2EBC7C09-42EF-4A53-96B5-DAD4A00FFE48}.Debug|Any CPU.Build.0 = Debug|Any CPU
		{2EBC7C09-42EF-4A53-96B5-DAD4A00FFE48}.Release|Any CPU.ActiveCfg = Release|Any CPU
		{2EBC7C09-42EF-4A53-96B5-DAD4A00FFE48}.Release|Any CPU.Build.0 = Release|Any CPU
		{9A096078-BF3A-494A-A118-10A6AFE2FF58}.Debug|Any CPU.ActiveCfg = Debug|Any CPU
		{9A096078-BF3A-494A-A118-10A6AFE2FF58}.Debug|Any CPU.Build.0 = Debug|Any CPU
		{9A096078-BF3A-494A-A118-10A6AFE2FF58}.Release|Any CPU.ActiveCfg = Release|Any CPU
		{9A096078-BF3A-494A-A118-10A6AFE2FF58}.Release|Any CPU.Build.0 = Release|Any CPU
		{9407716B-6813-4E28-9216-C2096BB8273E}.Debug|Any CPU.ActiveCfg = Debug|Any CPU
		{9407716B-6813-4E28-9216-C2096BB8273E}.Debug|Any CPU.Build.0 = Debug|Any CPU
		{9407716B-6813-4E28-9216-C2096BB8273E}.Release|Any CPU.ActiveCfg = Release|Any CPU
		{9407716B-6813-4E28-9216-C2096BB8273E}.Release|Any CPU.Build.0 = Release|Any CPU
		{1E4F265E-D995-4F8D-A19A-B79AEF5BBE01}.Debug|Any CPU.ActiveCfg = Debug|Any CPU
		{1E4F265E-D995-4F8D-A19A-B79AEF5BBE01}.Debug|Any CPU.Build.0 = Debug|Any CPU
		{1E4F265E-D995-4F8D-A19A-B79AEF5BBE01}.Release|Any CPU.ActiveCfg = Release|Any CPU
		{1E4F265E-D995-4F8D-A19A-B79AEF5BBE01}.Release|Any CPU.Build.0 = Release|Any CPU
		{A3D99D16-7AB4-4485-8C93-900198625B90}.Debug|Any CPU.ActiveCfg = Debug|Any CPU
		{A3D99D16-7AB4-4485-8C93-900198625B90}.Debug|Any CPU.Build.0 = Debug|Any CPU
		{A3D99D16-7AB4-4485-8C93-900198625B90}.Release|Any CPU.ActiveCfg = Release|Any CPU
		{A3D99D16-7AB4-4485-8C93-900198625B90}.Release|Any CPU.Build.0 = Release|Any CPU
		{FCDDAAD4-3032-4850-9963-F99418ACAC13}.Debug|Any CPU.ActiveCfg = Debug|Any CPU
		{FCDDAAD4-3032-4850-9963-F99418ACAC13}.Debug|Any CPU.Build.0 = Debug|Any CPU
		{FCDDAAD4-3032-4850-9963-F99418ACAC13}.Release|Any CPU.ActiveCfg = Release|Any CPU
		{FCDDAAD4-3032-4850-9963-F99418ACAC13}.Release|Any CPU.Build.0 = Release|Any CPU
		{7701FCF0-21DC-47DD-B82D-A3BFA2116E47}.Debug|Any CPU.ActiveCfg = Debug|Any CPU
		{7701FCF0-21DC-47DD-B82D-A3BFA2116E47}.Debug|Any CPU.Build.0 = Debug|Any CPU
		{7701FCF0-21DC-47DD-B82D-A3BFA2116E47}.Release|Any CPU.ActiveCfg = Release|Any CPU
		{7701FCF0-21DC-47DD-B82D-A3BFA2116E47}.Release|Any CPU.Build.0 = Release|Any CPU
		{B4F05E39-101B-4647-84EB-CB21B4BE358F}.Debug|Any CPU.ActiveCfg = Debug|Any CPU
		{B4F05E39-101B-4647-84EB-CB21B4BE358F}.Debug|Any CPU.Build.0 = Debug|Any CPU
		{B4F05E39-101B-4647-84EB-CB21B4BE358F}.Release|Any CPU.ActiveCfg = Release|Any CPU
		{B4F05E39-101B-4647-84EB-CB21B4BE358F}.Release|Any CPU.Build.0 = Release|Any CPU
		{B7220C80-1B89-4B05-A6AC-EC90E664997F}.Debug|Any CPU.ActiveCfg = Debug|Any CPU
		{B7220C80-1B89-4B05-A6AC-EC90E664997F}.Debug|Any CPU.Build.0 = Debug|Any CPU
		{B7220C80-1B89-4B05-A6AC-EC90E664997F}.Release|Any CPU.ActiveCfg = Release|Any CPU
		{B7220C80-1B89-4B05-A6AC-EC90E664997F}.Release|Any CPU.Build.0 = Release|Any CPU
		{8235B42D-D3E1-4D2B-98EE-0C828AD96D27}.Debug|Any CPU.ActiveCfg = Debug|Any CPU
		{8235B42D-D3E1-4D2B-98EE-0C828AD96D27}.Debug|Any CPU.Build.0 = Debug|Any CPU
		{8235B42D-D3E1-4D2B-98EE-0C828AD96D27}.Release|Any CPU.ActiveCfg = Release|Any CPU
		{8235B42D-D3E1-4D2B-98EE-0C828AD96D27}.Release|Any CPU.Build.0 = Release|Any CPU
	EndGlobalSection
	GlobalSection(SolutionProperties) = preSolution
		HideSolutionNode = FALSE
	EndGlobalSection
	GlobalSection(ExtensibilityGlobals) = postSolution
		SolutionGuid = {2F33A42C-8852-4EBD-8C2D-4CB78D2F6790}
	EndGlobalSection
EndGlobal
